
Microsoft Visual Studio Solution File, Format Version 11.00
# Visual Studio 2010
Project("{FAE04EC0-301F-11D3-BF4B-00C04F79EFBC}") = "UniRx", "UniRx.csproj", "{94F0C757-74A4-5239-CA18-8015EC31791D}"
EndProject
Project("{FAE04EC0-301F-11D3-BF4B-00C04F79EFBC}") = "Assembly-CSharp", "Assembly-CSharp.csproj", "{46000693-23A3-F590-E8B6-95E5FBC7F1C1}"
EndProject
Project("{FAE04EC0-301F-11D3-BF4B-00C04F79EFBC}") = "Assembly-CSharp-firstpass", "Assembly-CSharp-firstpass.csproj", "{5ABB9134-4D5E-C212-A049-02F74BD53931}"
EndProject
Project("{FAE04EC0-301F-11D3-BF4B-00C04F79EFBC}") = "Assembly-CSharp-Editor", "Assembly-CSharp-Editor.csproj", "{49B7BD89-89FA-55A1-20BC-40DA803BECAA}"
EndProject
Global
	GlobalSection(SolutionConfigurationPlatforms) = preSolution
		Debug|Any CPU = Debug|Any CPU
		Release|Any CPU = Release|Any CPU
	EndGlobalSection
	GlobalSection(ProjectConfigurationPlatforms) = postSolution
		{94F0C757-74A4-5239-CA18-8015EC31791D}.Debug|Any CPU.ActiveCfg = Debug|Any CPU
		{94F0C757-74A4-5239-CA18-8015EC31791D}.Debug|Any CPU.Build.0 = Debug|Any CPU
		{94F0C757-74A4-5239-CA18-8015EC31791D}.Release|Any CPU.ActiveCfg = Release|Any CPU
		{94F0C757-74A4-5239-CA18-8015EC31791D}.Release|Any CPU.Build.0 = Release|Any CPU
		{46000693-23A3-F590-E8B6-95E5FBC7F1C1}.Debug|Any CPU.ActiveCfg = Debug|Any CPU
		{46000693-23A3-F590-E8B6-95E5FBC7F1C1}.Debug|Any CPU.Build.0 = Debug|Any CPU
		{46000693-23A3-F590-E8B6-95E5FBC7F1C1}.Release|Any CPU.ActiveCfg = Release|Any CPU
		{46000693-23A3-F590-E8B6-95E5FBC7F1C1}.Release|Any CPU.Build.0 = Release|Any CPU
		{5ABB9134-4D5E-C212-A049-02F74BD53931}.Debug|Any CPU.ActiveCfg = Debug|Any CPU
		{5ABB9134-4D5E-C212-A049-02F74BD53931}.Debug|Any CPU.Build.0 = Debug|Any CPU
		{5ABB9134-4D5E-C212-A049-02F74BD53931}.Release|Any CPU.ActiveCfg = Release|Any CPU
		{5ABB9134-4D5E-C212-A049-02F74BD53931}.Release|Any CPU.Build.0 = Release|Any CPU
		{49B7BD89-89FA-55A1-20BC-40DA803BECAA}.Debug|Any CPU.ActiveCfg = Debug|Any CPU
		{49B7BD89-89FA-55A1-20BC-40DA803BECAA}.Debug|Any CPU.Build.0 = Debug|Any CPU
		{49B7BD89-89FA-55A1-20BC-40DA803BECAA}.Release|Any CPU.ActiveCfg = Release|Any CPU
		{49B7BD89-89FA-55A1-20BC-40DA803BECAA}.Release|Any CPU.Build.0 = Release|Any CPU
	EndGlobalSection
	GlobalSection(SolutionProperties) = preSolution
		HideSolutionNode = FALSE
	EndGlobalSection
EndGlobal
